
Microsoft Visual Studio Solution File, Format Version 12.00
# Visual Studio Version 16
VisualStudioVersion = 16.0.30011.22
MinimumVisualStudioVersion = 10.0.40219.1
Project("{FAE04EC0-301F-11D3-BF4B-00C04F79EFBC}") = "DataAccessLayer", "DataAccessLayer\DataAccessLayer.csproj", "{AC7C9A1A-9134-4638-9EFD-96289ABA8C2D}"
EndProject
Project("{FAE04EC0-301F-11D3-BF4B-00C04F79EFBC}") = "UsersApiService", "UsersApiService\UsersApiService.csproj", "{967446A2-FD75-48BC-A19B-9EBB84C99DBC}"
	ProjectSection(ProjectDependencies) = postProject
		{AC7C9A1A-9134-4638-9EFD-96289ABA8C2D} = {AC7C9A1A-9134-4638-9EFD-96289ABA8C2D}
	EndProjectSection
EndProject
Project("{FAE04EC0-301F-11D3-BF4B-00C04F79EFBC}") = "UsersManageUI", "UsersManageUI\UsersManageUI.csproj", "{0A75791F-ABCC-4977-9BE8-3A8FA2A6D0E6}"
	ProjectSection(ProjectDependencies) = postProject
		{967446A2-FD75-48BC-A19B-9EBB84C99DBC} = {967446A2-FD75-48BC-A19B-9EBB84C99DBC}
	EndProjectSection
EndProject
Global
	GlobalSection(SolutionConfigurationPlatforms) = preSolution
		Debug|Any CPU = Debug|Any CPU
		Release|Any CPU = Release|Any CPU
	EndGlobalSection
	GlobalSection(ProjectConfigurationPlatforms) = postSolution
		{AC7C9A1A-9134-4638-9EFD-96289ABA8C2D}.Debug|Any CPU.ActiveCfg = Debug|Any CPU
		{AC7C9A1A-9134-4638-9EFD-96289ABA8C2D}.Debug|Any CPU.Build.0 = Debug|Any CPU
		{AC7C9A1A-9134-4638-9EFD-96289ABA8C2D}.Release|Any CPU.ActiveCfg = Release|Any CPU
		{AC7C9A1A-9134-4638-9EFD-96289ABA8C2D}.Release|Any CPU.Build.0 = Release|Any CPU
		{967446A2-FD75-48BC-A19B-9EBB84C99DBC}.Debug|Any CPU.ActiveCfg = Debug|Any CPU
		{967446A2-FD75-48BC-A19B-9EBB84C99DBC}.Debug|Any CPU.Build.0 = Debug|Any CPU
		{967446A2-FD75-48BC-A19B-9EBB84C99DBC}.Release|Any CPU.ActiveCfg = Release|Any CPU
		{967446A2-FD75-48BC-A19B-9EBB84C99DBC}.Release|Any CPU.Build.0 = Release|Any CPU
		{0A75791F-ABCC-4977-9BE8-3A8FA2A6D0E6}.Debug|Any CPU.ActiveCfg = Debug|Any CPU
		{0A75791F-ABCC-4977-9BE8-3A8FA2A6D0E6}.Debug|Any CPU.Build.0 = Debug|Any CPU
		{0A75791F-ABCC-4977-9BE8-3A8FA2A6D0E6}.Release|Any CPU.ActiveCfg = Release|Any CPU
		{0A75791F-ABCC-4977-9BE8-3A8FA2A6D0E6}.Release|Any CPU.Build.0 = Release|Any CPU
	EndGlobalSection
	GlobalSection(SolutionProperties) = preSolution
		HideSolutionNode = FALSE
	EndGlobalSection
	GlobalSection(ExtensibilityGlobals) = postSolution
		SolutionGuid = {252E8D54-145F-415D-8D00-DE1AEE8BD05A}
	EndGlobalSection
EndGlobal
